// !$*UTF8*$!
{
	archiveVersion = 1;
	classes = {
	};
	objectVersion = 46;
	objects = {

/* Begin PBXAggregateTarget section */
		24416B8111C4CA220047AFDD /* Build & Test */ = {
			isa = PBXAggregateTarget;
			buildConfigurationList = 24416B8A11C4CA520047AFDD /* Build configuration list for PBXAggregateTarget "Build & Test" */;
			buildPhases = (
				24416B8011C4CA220047AFDD /* ShellScript */,
			);
			dependencies = (
				24416B8511C4CA280047AFDD /* PBXTargetDependency */,
			);
			name = "Build & Test";
			productName = "Build & test";
		};
/* End PBXAggregateTarget section */

/* Begin PBXBuildFile section */
		24DD6CF91134B3F500162E58 /* MatiseMapboxModule.h in Headers */ = {isa = PBXBuildFile; fileRef = 24DD6CF71134B3F500162E58 /* MatiseMapboxModule.h */; };
		24DD6CFA1134B3F500162E58 /* MatiseMapboxModule.m in Sources */ = {isa = PBXBuildFile; fileRef = 24DD6CF81134B3F500162E58 /* MatiseMapboxModule.m */; };
		24DE9E1111C5FE74003F90F6 /* MatiseMapboxModuleAssets.h in Headers */ = {isa = PBXBuildFile; fileRef = 24DE9E0F11C5FE74003F90F6 /* MatiseMapboxModuleAssets.h */; };
		24DE9E1211C5FE74003F90F6 /* MatiseMapboxModuleAssets.m in Sources */ = {isa = PBXBuildFile; fileRef = 24DE9E1011C5FE74003F90F6 /* MatiseMapboxModuleAssets.m */; };
		AA747D9F0F9514B9006C5449 /* MatiseMapbox_Prefix.pch in Headers */ = {isa = PBXBuildFile; fileRef = AA747D9E0F9514B9006C5449 /* MatiseMapbox_Prefix.pch */; };
		BC46D4A71CE0B78800615160 /* MatiseMapboxPointAnnotation.h in Headers */ = {isa = PBXBuildFile; fileRef = BC46D4A51CE0B78800615160 /* MatiseMapboxPointAnnotation.h */; };
		BC46D4A81CE0B78800615160 /* MatiseMapboxPointAnnotation.m in Sources */ = {isa = PBXBuildFile; fileRef = BC46D4A61CE0B78800615160 /* MatiseMapboxPointAnnotation.m */; };
		BC4DF94D1CD7D1AB008DE65C /* Mapbox.framework in Frameworks */ = {isa = PBXBuildFile; fileRef = BC4DF94C1CD7D1AB008DE65C /* Mapbox.framework */; };
		BC83B55F1CD78AC800A53DE2 /* MatiseMapboxMapView.h in Headers */ = {isa = PBXBuildFile; fileRef = BC83B55D1CD78AC800A53DE2 /* MatiseMapboxMapView.h */; };
		BC83B5601CD78AC800A53DE2 /* MatiseMapboxMapView.m in Sources */ = {isa = PBXBuildFile; fileRef = BC83B55E1CD78AC800A53DE2 /* MatiseMapboxMapView.m */; };
		BC83B5631CD78AF100A53DE2 /* MatiseMapboxMapViewProxy.h in Headers */ = {isa = PBXBuildFile; fileRef = BC83B5611CD78AF100A53DE2 /* MatiseMapboxMapViewProxy.h */; };
		BC83B5641CD78AF100A53DE2 /* MatiseMapboxMapViewProxy.m in Sources */ = {isa = PBXBuildFile; fileRef = BC83B5621CD78AF100A53DE2 /* MatiseMapboxMapViewProxy.m */; };
		BCAB3FE01CD8D3B6007ABF81 /* MatiseMapboxPointAnnotationProxy.h in Headers */ = {isa = PBXBuildFile; fileRef = BCAB3FDE1CD8D3B6007ABF81 /* MatiseMapboxPointAnnotationProxy.h */; };
		BCAB3FE11CD8D3B6007ABF81 /* MatiseMapboxPointAnnotationProxy.m in Sources */ = {isa = PBXBuildFile; fileRef = BCAB3FDF1CD8D3B6007ABF81 /* MatiseMapboxPointAnnotationProxy.m */; };
/* End PBXBuildFile section */

/* Begin PBXContainerItemProxy section */
		24416B8411C4CA280047AFDD /* PBXContainerItemProxy */ = {
			isa = PBXContainerItemProxy;
			containerPortal = 0867D690FE84028FC02AAC07 /* Project object */;
			proxyType = 1;
			remoteGlobalIDString = D2AAC07D0554694100DB518D;
			remoteInfo = mapbox;
		};
/* End PBXContainerItemProxy section */

/* Begin PBXFileReference section */
		24DD6CF71134B3F500162E58 /* MatiseMapboxModule.h */ = {isa = PBXFileReference; fileEncoding = 4; lastKnownFileType = sourcecode.c.h; name = MatiseMapboxModule.h; path = Classes/MatiseMapboxModule.h; sourceTree = "<group>"; };
		24DD6CF81134B3F500162E58 /* MatiseMapboxModule.m */ = {isa = PBXFileReference; fileEncoding = 4; lastKnownFileType = sourcecode.c.objc; name = MatiseMapboxModule.m; path = Classes/MatiseMapboxModule.m; sourceTree = "<group>"; };
		24DD6D1B1134B66800162E58 /* titanium.xcconfig */ = {isa = PBXFileReference; fileEncoding = 4; lastKnownFileType = text.xcconfig; path = titanium.xcconfig; sourceTree = "<group>"; };
		24DE9E0F11C5FE74003F90F6 /* MatiseMapboxModuleAssets.h */ = {isa = PBXFileReference; fileEncoding = 4; lastKnownFileType = sourcecode.c.h; name = MatiseMapboxModuleAssets.h; path = Classes/MatiseMapboxModuleAssets.h; sourceTree = "<group>"; };
		24DE9E1011C5FE74003F90F6 /* MatiseMapboxModuleAssets.m */ = {isa = PBXFileReference; fileEncoding = 4; lastKnownFileType = sourcecode.c.objc; name = MatiseMapboxModuleAssets.m; path = Classes/MatiseMapboxModuleAssets.m; sourceTree = "<group>"; };
		AA747D9E0F9514B9006C5449 /* MatiseMapbox_Prefix.pch */ = {isa = PBXFileReference; fileEncoding = 4; lastKnownFileType = sourcecode.c.h; path = MatiseMapbox_Prefix.pch; sourceTree = SOURCE_ROOT; };
		BC46D4A51CE0B78800615160 /* MatiseMapboxPointAnnotation.h */ = {isa = PBXFileReference; fileEncoding = 4; lastKnownFileType = sourcecode.c.h; name = MatiseMapboxPointAnnotation.h; path = Classes/MatiseMapboxPointAnnotation.h; sourceTree = "<group>"; };
		BC46D4A61CE0B78800615160 /* MatiseMapboxPointAnnotation.m */ = {isa = PBXFileReference; fileEncoding = 4; lastKnownFileType = sourcecode.c.objc; name = MatiseMapboxPointAnnotation.m; path = Classes/MatiseMapboxPointAnnotation.m; sourceTree = "<group>"; };
		BC4DF94C1CD7D1AB008DE65C /* Mapbox.framework */ = {isa = PBXFileReference; lastKnownFileType = wrapper.framework; name = Mapbox.framework; path = platform/Mapbox.framework; sourceTree = "<group>"; };
		BC83B55D1CD78AC800A53DE2 /* MatiseMapboxMapView.h */ = {isa = PBXFileReference; fileEncoding = 4; lastKnownFileType = sourcecode.c.h; path = MatiseMapboxMapView.h; sourceTree = "<group>"; };
		BC83B55E1CD78AC800A53DE2 /* MatiseMapboxMapView.m */ = {isa = PBXFileReference; fileEncoding = 4; lastKnownFileType = sourcecode.c.objc; path = MatiseMapboxMapView.m; sourceTree = "<group>"; };
		BC83B5611CD78AF100A53DE2 /* MatiseMapboxMapViewProxy.h */ = {isa = PBXFileReference; fileEncoding = 4; lastKnownFileType = sourcecode.c.h; path = MatiseMapboxMapViewProxy.h; sourceTree = "<group>"; };
		BC83B5621CD78AF100A53DE2 /* MatiseMapboxMapViewProxy.m */ = {isa = PBXFileReference; fileEncoding = 4; lastKnownFileType = sourcecode.c.objc; path = MatiseMapboxMapViewProxy.m; sourceTree = "<group>"; };
		BCAB3FDE1CD8D3B6007ABF81 /* MatiseMapboxPointAnnotationProxy.h */ = {isa = PBXFileReference; fileEncoding = 4; lastKnownFileType = sourcecode.c.h; name = MatiseMapboxPointAnnotationProxy.h; path = Classes/MatiseMapboxPointAnnotationProxy.h; sourceTree = "<group>"; };
		BCAB3FDF1CD8D3B6007ABF81 /* MatiseMapboxPointAnnotationProxy.m */ = {isa = PBXFileReference; fileEncoding = 4; lastKnownFileType = sourcecode.c.objc; name = MatiseMapboxPointAnnotationProxy.m; path = Classes/MatiseMapboxPointAnnotationProxy.m; sourceTree = "<group>"; };
		D2AAC07E0554694100DB518D /* libMatiseMapbox.a */ = {isa = PBXFileReference; explicitFileType = archive.ar; includeInIndex = 0; path = libMatiseMapbox.a; sourceTree = BUILT_PRODUCTS_DIR; };
/* End PBXFileReference section */

/* Begin PBXFrameworksBuildPhase section */
		D2AAC07C0554694100DB518D /* Frameworks */ = {
			isa = PBXFrameworksBuildPhase;
			buildActionMask = 2147483647;
			files = (
				BC4DF94D1CD7D1AB008DE65C /* Mapbox.framework in Frameworks */,
			);
			runOnlyForDeploymentPostprocessing = 0;
		};
/* End PBXFrameworksBuildPhase section */

/* Begin PBXGroup section */
		034768DFFF38A50411DB9C8B /* Products */ = {
			isa = PBXGroup;
			children = (
				D2AAC07E0554694100DB518D /* libMatiseMapbox.a */,
			);
			name = Products;
			sourceTree = "<group>";
		};
		0867D691FE84028FC02AAC07 /* mapbox */ = {
			isa = PBXGroup;
			children = (
				08FB77AEFE84172EC02AAC07 /* Classes */,
				32C88DFF0371C24200C91783 /* Other Sources */,
				0867D69AFE84028FC02AAC07 /* Frameworks */,
				034768DFFF38A50411DB9C8B /* Products */,
			);
			name = mapbox;
			sourceTree = "<group>";
		};
		0867D69AFE84028FC02AAC07 /* Frameworks */ = {
			isa = PBXGroup;
			children = (
				BC4DF94C1CD7D1AB008DE65C /* Mapbox.framework */,
			);
			name = Frameworks;
			sourceTree = "<group>";
		};
		08FB77AEFE84172EC02AAC07 /* Classes */ = {
			isa = PBXGroup;
			children = (
				BCF860B91CDCA6A10044A0A4 /* Categories */,
				BCAB3FDD1CD8D392007ABF81 /* PointAnnotation */,
				BC83B5651CD78B5600A53DE2 /* MapView */,
				24DE9E0F11C5FE74003F90F6 /* MatiseMapboxModuleAssets.h */,
				24DE9E1011C5FE74003F90F6 /* MatiseMapboxModuleAssets.m */,
				24DD6CF71134B3F500162E58 /* MatiseMapboxModule.h */,
				24DD6CF81134B3F500162E58 /* MatiseMapboxModule.m */,
			);
			name = Classes;
			sourceTree = "<group>";
		};
		32C88DFF0371C24200C91783 /* Other Sources */ = {
			isa = PBXGroup;
			children = (
				AA747D9E0F9514B9006C5449 /* MatiseMapbox_Prefix.pch */,
				24DD6D1B1134B66800162E58 /* titanium.xcconfig */,
			);
			name = "Other Sources";
			sourceTree = "<group>";
		};
		BC83B5651CD78B5600A53DE2 /* MapView */ = {
			isa = PBXGroup;
			children = (
				BC83B55D1CD78AC800A53DE2 /* MatiseMapboxMapView.h */,
				BC83B55E1CD78AC800A53DE2 /* MatiseMapboxMapView.m */,
				BC83B5611CD78AF100A53DE2 /* MatiseMapboxMapViewProxy.h */,
				BC83B5621CD78AF100A53DE2 /* MatiseMapboxMapViewProxy.m */,
			);
			name = MapView;
			sourceTree = "<group>";
		};
		BCAB3FDD1CD8D392007ABF81 /* PointAnnotation */ = {
			isa = PBXGroup;
			children = (
				BCAB3FDE1CD8D3B6007ABF81 /* MatiseMapboxPointAnnotationProxy.h */,
				BCAB3FDF1CD8D3B6007ABF81 /* MatiseMapboxPointAnnotationProxy.m */,
				BC46D4A51CE0B78800615160 /* MatiseMapboxPointAnnotation.h */,
				BC46D4A61CE0B78800615160 /* MatiseMapboxPointAnnotation.m */,
			);
			name = PointAnnotation;
			sourceTree = "<group>";
		};
		BCF860B91CDCA6A10044A0A4 /* Categories */ = {
			isa = PBXGroup;
			children = (
			);
			name = Categories;
			sourceTree = "<group>";
		};
/* End PBXGroup section */

/* Begin PBXHeadersBuildPhase section */
		D2AAC07A0554694100DB518D /* Headers */ = {
			isa = PBXHeadersBuildPhase;
			buildActionMask = 2147483647;
			files = (
				AA747D9F0F9514B9006C5449 /* MatiseMapbox_Prefix.pch in Headers */,
				24DD6CF91134B3F500162E58 /* MatiseMapboxModule.h in Headers */,
				BC46D4A71CE0B78800615160 /* MatiseMapboxPointAnnotation.h in Headers */,
				BC83B55F1CD78AC800A53DE2 /* MatiseMapboxMapView.h in Headers */,
				BCAB3FE01CD8D3B6007ABF81 /* MatiseMapboxPointAnnotationProxy.h in Headers */,
				24DE9E1111C5FE74003F90F6 /* MatiseMapboxModuleAssets.h in Headers */,
				BC83B5631CD78AF100A53DE2 /* MatiseMapboxMapViewProxy.h in Headers */,
			);
			runOnlyForDeploymentPostprocessing = 0;
		};
/* End PBXHeadersBuildPhase section */

/* Begin PBXNativeTarget section */
		D2AAC07D0554694100DB518D /* mapbox */ = {
			isa = PBXNativeTarget;
			buildConfigurationList = 1DEB921E08733DC00010E9CD /* Build configuration list for PBXNativeTarget "mapbox" */;
			buildPhases = (
				D2AAC07A0554694100DB518D /* Headers */,
				D2AAC07B0554694100DB518D /* Sources */,
				D2AAC07C0554694100DB518D /* Frameworks */,
				BC4DF9351CD7C152008DE65C /* Resources */,
			);
			buildRules = (
			);
			dependencies = (
			);
			name = mapbox;
			productName = mapbox;
			productReference = D2AAC07E0554694100DB518D /* libMatiseMapbox.a */;
			productType = "com.apple.product-type.library.static";
		};
/* End PBXNativeTarget section */

/* Begin PBXProject section */
		0867D690FE84028FC02AAC07 /* Project object */ = {
			isa = PBXProject;
			attributes = {
				LastUpgradeCheck = 0730;
			};
			buildConfigurationList = 1DEB922208733DC00010E9CD /* Build configuration list for PBXProject "mapbox" */;
			compatibilityVersion = "Xcode 3.2";
			developmentRegion = English;
			hasScannedForEncodings = 1;
			knownRegions = (
				English,
				Japanese,
				French,
				German,
			);
			mainGroup = 0867D691FE84028FC02AAC07 /* mapbox */;
			productRefGroup = 034768DFFF38A50411DB9C8B /* Products */;
			projectDirPath = "";
			projectRoot = "";
			targets = (
				D2AAC07D0554694100DB518D /* mapbox */,
				24416B8111C4CA220047AFDD /* Build & Test */,
			);
		};
/* End PBXProject section */

/* Begin PBXResourcesBuildPhase section */
		BC4DF9351CD7C152008DE65C /* Resources */ = {
			isa = PBXResourcesBuildPhase;
			buildActionMask = 2147483647;
			files = (
			);
			runOnlyForDeploymentPostprocessing = 0;
		};
/* End PBXResourcesBuildPhase section */

/* Begin PBXShellScriptBuildPhase section */
		24416B8011C4CA220047AFDD /* ShellScript */ = {
			isa = PBXShellScriptBuildPhase;
			buildActionMask = 2147483647;
			files = (
			);
			inputPaths = (
			);
			outputPaths = (
			);
			runOnlyForDeploymentPostprocessing = 0;
			shellPath = /bin/sh;
			shellScript = "# shell script goes here\n\npython \"${TITANIUM_SDK}/titanium.py\" run --dir=\"${PROJECT_DIR}\"\nexit $?\n";
		};
/* End PBXShellScriptBuildPhase section */

/* Begin PBXSourcesBuildPhase section */
		D2AAC07B0554694100DB518D /* Sources */ = {
			isa = PBXSourcesBuildPhase;
			buildActionMask = 2147483647;
			files = (
				BC46D4A81CE0B78800615160 /* MatiseMapboxPointAnnotation.m in Sources */,
				24DD6CFA1134B3F500162E58 /* MatiseMapboxModule.m in Sources */,
				BCAB3FE11CD8D3B6007ABF81 /* MatiseMapboxPointAnnotationProxy.m in Sources */,
				24DE9E1211C5FE74003F90F6 /* MatiseMapboxModuleAssets.m in Sources */,
				BC83B5641CD78AF100A53DE2 /* MatiseMapboxMapViewProxy.m in Sources */,
				BC83B5601CD78AC800A53DE2 /* MatiseMapboxMapView.m in Sources */,
			);
			runOnlyForDeploymentPostprocessing = 0;
		};
/* End PBXSourcesBuildPhase section */

/* Begin PBXTargetDependency section */
		24416B8511C4CA280047AFDD /* PBXTargetDependency */ = {
			isa = PBXTargetDependency;
			target = D2AAC07D0554694100DB518D /* mapbox */;
			targetProxy = 24416B8411C4CA280047AFDD /* PBXContainerItemProxy */;
		};
/* End PBXTargetDependency section */

/* Begin XCBuildConfiguration section */
		1DEB921F08733DC00010E9CD /* Debug */ = {
			isa = XCBuildConfiguration;
			baseConfigurationReference = 24DD6D1B1134B66800162E58 /* titanium.xcconfig */;
			buildSettings = {
				CODE_SIGN_IDENTITY = "iPhone Developer";
				"CODE_SIGN_IDENTITY[sdk=iphoneos*]" = "iPhone Developer";
				DSTROOT = /tmp/MatiseMapbox.dst;
				FRAMEWORK_SEARCH_PATHS = (
					"$(inherited)",
					"$(PROJECT_DIR)/platform",
				);
				GCC_C_LANGUAGE_STANDARD = c99;
				GCC_OPTIMIZATION_LEVEL = 0;
				GCC_PRECOMPILE_PREFIX_HEADER = YES;
				GCC_PREFIX_HEADER = MatiseMapbox_Prefix.pch;
				GCC_PREPROCESSOR_DEFINITIONS = "TI_VERSION=$(TI_VERSION)";
				GCC_TREAT_WARNINGS_AS_ERRORS = NO;
				GCC_VERSION = "";
				GCC_WARN_ABOUT_RETURN_TYPE = NO;
				GCC_WARN_MISSING_PARENTHESES = NO;
				GCC_WARN_SHADOW = NO;
				GCC_WARN_STRICT_SELECTOR_MATCH = NO;
				GCC_WARN_UNUSED_FUNCTION = YES;
				GCC_WARN_UNUSED_PARAMETER = NO;
				GCC_WARN_UNUSED_VALUE = NO;
				GCC_WARN_UNUSED_VARIABLE = NO;
				INSTALL_PATH = /usr/local/lib;
				IPHONEOS_DEPLOYMENT_TARGET = 6.0;
				LIBRARY_SEARCH_PATHS = "";
				OTHER_CFLAGS = (
					"-DDEBUG",
					"-DTI_POST_1_2",
				);
				OTHER_LDFLAGS = "-ObjC";
				PRODUCT_NAME = MatiseMapbox;
				PROVISIONING_PROFILE = "";
				"PROVISIONING_PROFILE[sdk=iphoneos*]" = "";
				RUN_CLANG_STATIC_ANALYZER = NO;
				SDKROOT = iphoneos;
				USER_HEADER_SEARCH_PATHS = "";
			};
			name = Debug;
		};
		1DEB922008733DC00010E9CD /* Release */ = {
			isa = XCBuildConfiguration;
			baseConfigurationReference = 24DD6D1B1134B66800162E58 /* titanium.xcconfig */;
			buildSettings = {
				ALWAYS_SEARCH_USER_PATHS = NO;
				DSTROOT = /tmp/MatiseMapbox.dst;
				FRAMEWORK_SEARCH_PATHS = (
					"$(inherited)",
					"$(PROJECT_DIR)/platform",
				);
				GCC_C_LANGUAGE_STANDARD = c99;
				GCC_MODEL_TUNING = G5;
				GCC_PRECOMPILE_PREFIX_HEADER = YES;
				GCC_PREFIX_HEADER = MatiseMapbox_Prefix.pch;
				GCC_PREPROCESSOR_DEFINITIONS = "TI_VERSION=$(TI_VERSION)";
				GCC_TREAT_WARNINGS_AS_ERRORS = NO;
				GCC_VERSION = "";
				GCC_WARN_ABOUT_RETURN_TYPE = NO;
				GCC_WARN_MISSING_PARENTHESES = NO;
				GCC_WARN_SHADOW = NO;
				GCC_WARN_STRICT_SELECTOR_MATCH = NO;
				GCC_WARN_UNUSED_FUNCTION = YES;
				GCC_WARN_UNUSED_PARAMETER = NO;
				GCC_WARN_UNUSED_VALUE = NO;
				GCC_WARN_UNUSED_VARIABLE = NO;
				INSTALL_PATH = /usr/local/lib;
				IPHONEOS_DEPLOYMENT_TARGET = 6.0;
				LIBRARY_SEARCH_PATHS = "";
				OTHER_CFLAGS = "-DTI_POST_1_2";
				OTHER_LDFLAGS = "-ObjC";
				PRODUCT_NAME = MatiseMapbox;
				RUN_CLANG_STATIC_ANALYZER = NO;
				SDKROOT = iphoneos;
				USER_HEADER_SEARCH_PATHS = "";
			};
			name = Release;
		};
		1DEB922308733DC00010E9CD /* Debug */ = {
			isa = XCBuildConfiguration;
			baseConfigurationReference = 24DD6D1B1134B66800162E58 /* titanium.xcconfig */;
			buildSettings = {
				CLANG_CXX_LIBRARY = "libstdc++";
				CODE_SIGN_IDENTITY = "iPhone Developer";
				"CODE_SIGN_IDENTITY[sdk=iphoneos*]" = "iPhone Developer";
				DSTROOT = /tmp/MatiseMapbox.dst;
				ENABLE_TESTABILITY = YES;
				GCC_C_LANGUAGE_STANDARD = c99;
				GCC_OPTIMIZATION_LEVEL = 0;
				GCC_PRECOMPILE_PREFIX_HEADER = YES;
				GCC_PREFIX_HEADER = MatiseMapbox_Prefix.pch;
				GCC_PREPROCESSOR_DEFINITIONS = "TI_VERSION=$(TI_VERSION)";
				GCC_TREAT_WARNINGS_AS_ERRORS = NO;
				GCC_VERSION = "";
				GCC_WARN_ABOUT_RETURN_TYPE = NO;
				GCC_WARN_MISSING_PARENTHESES = NO;
				GCC_WARN_SHADOW = NO;
				GCC_WARN_STRICT_SELECTOR_MATCH = NO;
				GCC_WARN_UNUSED_FUNCTION = YES;
				GCC_WARN_UNUSED_PARAMETER = NO;
				GCC_WARN_UNUSED_VALUE = NO;
				GCC_WARN_UNUSED_VARIABLE = NO;
				INSTALL_PATH = /usr/local/lib;
				IPHONEOS_DEPLOYMENT_TARGET = 9.3;
				ONLY_ACTIVE_ARCH = YES;
				OTHER_CFLAGS = (
					"-DDEBUG",
					"-DTI_POST_1_2",
				);
				OTHER_LDFLAGS = "-ObjC";
				PRODUCT_NAME = MatiseMapbox;
				PROVISIONING_PROFILE = "";
				"PROVISIONING_PROFILE[sdk=iphoneos*]" = "";
				RUN_CLANG_STATIC_ANALYZER = NO;
				SDKROOT = iphoneos;
				USER_HEADER_SEARCH_PATHS = "";
			};
			name = Debug;
		};
		1DEB922408733DC00010E9CD /* Release */ = {
			isa = XCBuildConfiguration;
			baseConfigurationReference = 24DD6D1B1134B66800162E58 /* titanium.xcconfig */;
			buildSettings = {
				ALWAYS_SEARCH_USER_PATHS = NO;
				CLANG_CXX_LIBRARY = "libstdc++";
				DSTROOT = /tmp/MatiseMapbox.dst;
				GCC_C_LANGUAGE_STANDARD = c99;
				GCC_MODEL_TUNING = G5;
				GCC_PRECOMPILE_PREFIX_HEADER = YES;
				GCC_PREFIX_HEADER = MatiseMapbox_Prefix.pch;
				GCC_PREPROCESSOR_DEFINITIONS = "TI_VERSION=$(TI_VERSION)";
				GCC_TREAT_WARNINGS_AS_ERRORS = NO;
				GCC_VERSION = "";
				GCC_WARN_ABOUT_RETURN_TYPE = NO;
				GCC_WARN_MISSING_PARENTHESES = NO;
				GCC_WARN_SHADOW = NO;
				GCC_WARN_STRICT_SELECTOR_MATCH = NO;
				GCC_WARN_UNUSED_FUNCTION = YES;
				GCC_WARN_UNUSED_PARAMETER = NO;
				GCC_WARN_UNUSED_VALUE = NO;
				GCC_WARN_UNUSED_VARIABLE = NO;
				INSTALL_PATH = /usr/local/lib;
				IPHONEOS_DEPLOYMENT_TARGET = 9.3;
				OTHER_CFLAGS = "-DTI_POST_1_2";
				OTHER_LDFLAGS = "-ObjC";
				PRODUCT_NAME = MatiseMapbox;
				RUN_CLANG_STATIC_ANALYZER = NO;
				SDKROOT = iphoneos;
				USER_HEADER_SEARCH_PATHS = "";
			};
			name = Release;
		};
		24416B8211C4CA220047AFDD /* Debug */ = {
			isa = XCBuildConfiguration;
			baseConfigurationReference = 24DD6D1B1134B66800162E58 /* titanium.xcconfig */;
			buildSettings = {
				COPY_PHASE_STRIP = NO;
				GCC_DYNAMIC_NO_PIC = NO;
				GCC_OPTIMIZATION_LEVEL = 0;
				PRODUCT_NAME = "Build & test";
			};
			name = Debug;
		};
		24416B8311C4CA220047AFDD /* Release */ = {
			isa = XCBuildConfiguration;
			baseConfigurationReference = 24DD6D1B1134B66800162E58 /* titanium.xcconfig */;
			buildSettings = {
				COPY_PHASE_STRIP = YES;
				DEBUG_INFORMATION_FORMAT = "dwarf-with-dsym";
				GCC_ENABLE_FIX_AND_CONTINUE = NO;
				PRODUCT_NAME = "Build & test";
				ZERO_LINK = NO;
			};
			name = Release;
		};
/* End XCBuildConfiguration section */

/* Begin XCConfigurationList section */
		1DEB921E08733DC00010E9CD /* Build configuration list for PBXNativeTarget "mapbox" */ = {
			isa = XCConfigurationList;
			buildConfigurations = (
				1DEB921F08733DC00010E9CD /* Debug */,
				1DEB922008733DC00010E9CD /* Release */,
			);
			defaultConfigurationIsVisible = 0;
			defaultConfigurationName = Release;
		};
		1DEB922208733DC00010E9CD /* Build configuration list for PBXProject "mapbox" */ = {
			isa = XCConfigurationList;
			buildConfigurations = (
				1DEB922308733DC00010E9CD /* Debug */,
				1DEB922408733DC00010E9CD /* Release */,
			);
			defaultConfigurationIsVisible = 0;
			defaultConfigurationName = Release;
		};
		24416B8A11C4CA520047AFDD /* Build configuration list for PBXAggregateTarget "Build & Test" */ = {
			isa = XCConfigurationList;
			buildConfigurations = (
				24416B8211C4CA220047AFDD /* Debug */,
				24416B8311C4CA220047AFDD /* Release */,
			);
			defaultConfigurationIsVisible = 0;
			defaultConfigurationName = Release;
		};
/* End XCConfigurationList section */
	};
	rootObject = 0867D690FE84028FC02AAC07 /* Project object */;
}
